{
  "name": "@fullcalendar/daygrid",
  "version": "4.3.0",
  "lockfileVersion": 1,
  "requires": true,
  "dependencies": {
    "@fullcalendar/core": {
      "version": "4.4.0",
      "resolved": "https://registry.npmjs.org/@fullcalendar/core/-/core-4.4.0.tgz",
      "integrity": "sha512-PC4mmXHJHAlXmUEmZVnePyA8yYCOBdxBNq8yjJqedEtT1X0x36yTFz/Y0Ux6bniICZDqYtk0xoxe6jaxi++e0g=="
    }
  }
}
